
Microsoft Visual Studio Solution File, Format Version 12.00
# Visual Studio Version 16
VisualStudioVersion = 16.0.29215.179
MinimumVisualStudioVersion = 10.0.40219.1
Project("{FAE04EC0-301F-11D3-BF4B-00C04F79EFBC}") = "xamTest.UWP", "xamTest\xamTest.UWP\xamTest.UWP.csproj", "{9C503BD4-9CA2-4E59-8D73-268906A46568}"
EndProject
Project("{FAE04EC0-301F-11D3-BF4B-00C04F79EFBC}") = "xamTest.Android", "xamTest\xamTest.Android\xamTest.Android.csproj", "{BF8DA00C-0082-40D7-AF84-1752F2AB4C6B}"
EndProject
Project("{FAE04EC0-301F-11D3-BF4B-00C04F79EFBC}") = "xamTest.iOS", "xamTest\xamTest.iOS\xamTest.iOS.csproj", "{DEEE102D-FFA0-4913-AA46-5620E25337B3}"
EndProject
Project("{FAE04EC0-301F-11D3-BF4B-00C04F79EFBC}") = "xamTest", "xamTest\xamTest\xamTest.csproj", "{365D29AE-4139-4667-BC14-8BC3EDFA2235}"
EndProject
Global
	GlobalSection(SolutionConfigurationPlatforms) = preSolution
		Debug|Any CPU = Debug|Any CPU
		Debug|ARM = Debug|ARM
		Debug|iPhone = Debug|iPhone
		Debug|iPhoneSimulator = Debug|iPhoneSimulator
		Debug|x64 = Debug|x64
		Debug|x86 = Debug|x86
		Release|Any CPU = Release|Any CPU
		Release|ARM = Release|ARM
		Release|iPhone = Release|iPhone
		Release|iPhoneSimulator = Release|iPhoneSimulator
		Release|x64 = Release|x64
		Release|x86 = Release|x86
	EndGlobalSection
	GlobalSection(ProjectConfigurationPlatforms) = postSolution
		{9C503BD4-9CA2-4E59-8D73-268906A46568}.Debug|Any CPU.ActiveCfg = Debug|x86
		{9C503BD4-9CA2-4E59-8D73-268906A46568}.Debug|Any CPU.Build.0 = Debug|x86
		{9C503BD4-9CA2-4E59-8D73-268906A46568}.Debug|Any CPU.Deploy.0 = Debug|x86
		{9C503BD4-9CA2-4E59-8D73-268906A46568}.Debug|ARM.ActiveCfg = Debug|ARM
		{9C503BD4-9CA2-4E59-8D73-268906A46568}.Debug|ARM.Build.0 = Debug|ARM
		{9C503BD4-9CA2-4E59-8D73-268906A46568}.Debug|ARM.Deploy.0 = Debug|ARM
		{9C503BD4-9CA2-4E59-8D73-268906A46568}.Debug|iPhone.ActiveCfg = Debug|x86
		{9C503BD4-9CA2-4E59-8D73-268906A46568}.Debug|iPhone.Build.0 = Debug|x86
		{9C503BD4-9CA2-4E59-8D73-268906A46568}.Debug|iPhone.Deploy.0 = Debug|x86
		{9C503BD4-9CA2-4E59-8D73-268906A46568}.Debug|iPhoneSimulator.ActiveCfg = Debug|x86
		{9C503BD4-9CA2-4E59-8D73-268906A46568}.Debug|iPhoneSimulator.Build.0 = Debug|x86
		{9C503BD4-9CA2-4E59-8D73-268906A46568}.Debug|iPhoneSimulator.Deploy.0 = Debug|x86
		{9C503BD4-9CA2-4E59-8D73-268906A46568}.Debug|x64.ActiveCfg = Debug|x64
		{9C503BD4-9CA2-4E59-8D73-268906A46568}.Debug|x64.Build.0 = Debug|x64
		{9C503BD4-9CA2-4E59-8D73-268906A46568}.Debug|x64.Deploy.0 = Debug|x64
		{9C503BD4-9CA2-4E59-8D73-268906A46568}.Debug|x86.ActiveCfg = Debug|x86
		{9C503BD4-9CA2-4E59-8D73-268906A46568}.Debug|x86.Build.0 = Debug|x86
		{9C503BD4-9CA2-4E59-8D73-268906A46568}.Debug|x86.Deploy.0 = Debug|x86
		{9C503BD4-9CA2-4E59-8D73-268906A46568}.Release|Any CPU.ActiveCfg = Release|x86
		{9C503BD4-9CA2-4E59-8D73-268906A46568}.Release|Any CPU.Build.0 = Release|x86
		{9C503BD4-9CA2-4E59-8D73-268906A46568}.Release|Any CPU.Deploy.0 = Release|x86
		{9C503BD4-9CA2-4E59-8D73-268906A46568}.Release|ARM.ActiveCfg = Release|ARM
		{9C503BD4-9CA2-4E59-8D73-268906A46568}.Release|ARM.Build.0 = Release|ARM
		{9C503BD4-9CA2-4E59-8D73-268906A46568}.Release|ARM.Deploy.0 = Release|ARM
		{9C503BD4-9CA2-4E59-8D73-268906A46568}.Release|iPhone.ActiveCfg = Release|x86
		{9C503BD4-9CA2-4E59-8D73-268906A46568}.Release|iPhone.Build.0 = Release|x86
		{9C503BD4-9CA2-4E59-8D73-268906A46568}.Release|iPhone.Deploy.0 = Release|x86
		{9C503BD4-9CA2-4E59-8D73-268906A46568}.Release|iPhoneSimulator.ActiveCfg = Release|x86
		{9C503BD4-9CA2-4E59-8D73-268906A46568}.Release|iPhoneSimulator.Build.0 = Release|x86
		{9C503BD4-9CA2-4E59-8D73-268906A46568}.Release|iPhoneSimulator.Deploy.0 = Release|x86
		{9C503BD4-9CA2-4E59-8D73-268906A46568}.Release|x64.ActiveCfg = Release|x64
		{9C503BD4-9CA2-4E59-8D73-268906A46568}.Release|x64.Build.0 = Release|x64
		{9C503BD4-9CA2-4E59-8D73-268906A46568}.Release|x64.Deploy.0 = Release|x64
		{9C503BD4-9CA2-4E59-8D73-268906A46568}.Release|x86.ActiveCfg = Release|x86
		{9C503BD4-9CA2-4E59-8D73-268906A46568}.Release|x86.Build.0 = Release|x86
		{9C503BD4-9CA2-4E59-8D73-268906A46568}.Release|x86.Deploy.0 = Release|x86
		{BF8DA00C-0082-40D7-AF84-1752F2AB4C6B}.Debug|Any CPU.ActiveCfg = Debug|Any CPU
		{BF8DA00C-0082-40D7-AF84-1752F2AB4C6B}.Debug|Any CPU.Build.0 = Debug|Any CPU
		{BF8DA00C-0082-40D7-AF84-1752F2AB4C6B}.Debug|Any CPU.Deploy.0 = Debug|Any CPU
		{BF8DA00C-0082-40D7-AF84-1752F2AB4C6B}.Debug|ARM.ActiveCfg = Debug|Any CPU
		{BF8DA00C-0082-40D7-AF84-1752F2AB4C6B}.Debug|ARM.Build.0 = Debug|Any CPU
		{BF8DA00C-0082-40D7-AF84-1752F2AB4C6B}.Debug|ARM.Deploy.0 = Debug|Any CPU
		{BF8DA00C-0082-40D7-AF84-1752F2AB4C6B}.Debug|iPhone.ActiveCfg = Debug|Any CPU
		{BF8DA00C-0082-40D7-AF84-1752F2AB4C6B}.Debug|iPhone.Build.0 = Debug|Any CPU
		{BF8DA00C-0082-40D7-AF84-1752F2AB4C6B}.Debug|iPhone.Deploy.0 = Debug|Any CPU
		{BF8DA00C-0082-40D7-AF84-1752F2AB4C6B}.Debug|iPhoneSimulator.ActiveCfg = Debug|Any CPU
		{BF8DA00C-0082-40D7-AF84-1752F2AB4C6B}.Debug|iPhoneSimulator.Build.0 = Debug|Any CPU
		{BF8DA00C-0082-40D7-AF84-1752F2AB4C6B}.Debug|iPhoneSimulator.Deploy.0 = Debug|Any CPU
		{BF8DA00C-0082-40D7-AF84-1752F2AB4C6B}.Debug|x64.ActiveCfg = Debug|Any CPU
		{BF8DA00C-0082-40D7-AF84-1752F2AB4C6B}.Debug|x64.Build.0 = Debug|Any CPU
		{BF8DA00C-0082-40D7-AF84-1752F2AB4C6B}.Debug|x64.Deploy.0 = Debug|Any CPU
		{BF8DA00C-0082-40D7-AF84-1752F2AB4C6B}.Debug|x86.ActiveCfg = Debug|Any CPU
		{BF8DA00C-0082-40D7-AF84-1752F2AB4C6B}.Debug|x86.Build.0 = Debug|Any CPU
		{BF8DA00C-0082-40D7-AF84-1752F2AB4C6B}.Debug|x86.Deploy.0 = Debug|Any CPU
		{BF8DA00C-0082-40D7-AF84-1752F2AB4C6B}.Release|Any CPU.ActiveCfg = Release|Any CPU
		{BF8DA00C-0082-40D7-AF84-1752F2AB4C6B}.Release|Any CPU.Build.0 = Release|Any CPU
		{BF8DA00C-0082-40D7-AF84-1752F2AB4C6B}.Release|Any CPU.Deploy.0 = Release|Any CPU
		{BF8DA00C-0082-40D7-AF84-1752F2AB4C6B}.Release|ARM.ActiveCfg = Release|Any CPU
		{BF8DA00C-0082-40D7-AF84-1752F2AB4C6B}.Release|ARM.Build.0 = Release|Any CPU
		{BF8DA00C-0082-40D7-AF84-1752F2AB4C6B}.Release|ARM.Deploy.0 = Release|Any CPU
		{BF8DA00C-0082-40D7-AF84-1752F2AB4C6B}.Release|iPhone.ActiveCfg = Release|Any CPU
		{BF8DA00C-0082-40D7-AF84-1752F2AB4C6B}.Release|iPhone.Build.0 = Release|Any CPU
		{BF8DA00C-0082-40D7-AF84-1752F2AB4C6B}.Release|iPhone.Deploy.0 = Release|Any CPU
		{BF8DA00C-0082-40D7-AF84-1752F2AB4C6B}.Release|iPhoneSimulator.ActiveCfg = Release|Any CPU
		{BF8DA00C-0082-40D7-AF84-1752F2AB4C6B}.Release|iPhoneSimulator.Build.0 = Release|Any CPU
		{BF8DA00C-0082-40D7-AF84-1752F2AB4C6B}.Release|iPhoneSimulator.Deploy.0 = Release|Any CPU
		{BF8DA00C-0082-40D7-AF84-1752F2AB4C6B}.Release|x64.ActiveCfg = Release|Any CPU
		{BF8DA00C-0082-40D7-AF84-1752F2AB4C6B}.Release|x64.Build.0 = Release|Any CPU
		{BF8DA00C-0082-40D7-AF84-1752F2AB4C6B}.Release|x64.Deploy.0 = Release|Any CPU
		{BF8DA00C-0082-40D7-AF84-1752F2AB4C6B}.Release|x86.ActiveCfg = Release|Any CPU
		{BF8DA00C-0082-40D7-AF84-1752F2AB4C6B}.Release|x86.Build.0 = Release|Any CPU
		{BF8DA00C-0082-40D7-AF84-1752F2AB4C6B}.Release|x86.Deploy.0 = Release|Any CPU
		{DEEE102D-FFA0-4913-AA46-5620E25337B3}.Debug|Any CPU.ActiveCfg = Debug|iPhone
		{DEEE102D-FFA0-4913-AA46-5620E25337B3}.Debug|Any CPU.Build.0 = Debug|iPhone
		{DEEE102D-FFA0-4913-AA46-5620E25337B3}.Debug|Any CPU.Deploy.0 = Debug|iPhone
		{DEEE102D-FFA0-4913-AA46-5620E25337B3}.Debug|ARM.ActiveCfg = Debug|iPhoneSimulator
		{DEEE102D-FFA0-4913-AA46-5620E25337B3}.Debug|ARM.Build.0 = Debug|iPhoneSimulator
		{DEEE102D-FFA0-4913-AA46-5620E25337B3}.Debug|ARM.Deploy.0 = Debug|iPhoneSimulator
		{DEEE102D-FFA0-4913-AA46-5620E25337B3}.Debug|iPhone.ActiveCfg = Debug|iPhone
		{DEEE102D-FFA0-4913-AA46-5620E25337B3}.Debug|iPhone.Build.0 = Debug|iPhone
		{DEEE102D-FFA0-4913-AA46-5620E25337B3}.Debug|iPhone.Deploy.0 = Debug|iPhone
		{DEEE102D-FFA0-4913-AA46-5620E25337B3}.Debug|iPhoneSimulator.ActiveCfg = Debug|iPhoneSimulator
		{DEEE102D-FFA0-4913-AA46-5620E25337B3}.Debug|iPhoneSimulator.Build.0 = Debug|iPhoneSimulator
		{DEEE102D-FFA0-4913-AA46-5620E25337B3}.Debug|iPhoneSimulator.Deploy.0 = Debug|iPhoneSimulator
		{DEEE102D-FFA0-4913-AA46-5620E25337B3}.Debug|x64.ActiveCfg = Debug|iPhone
		{DEEE102D-FFA0-4913-AA46-5620E25337B3}.Debug|x64.Build.0 = Debug|iPhone
		{DEEE102D-FFA0-4913-AA46-5620E25337B3}.Debug|x64.Deploy.0 = Debug|iPhone
		{DEEE102D-FFA0-4913-AA46-5620E25337B3}.Debug|x86.ActiveCfg = Debug|iPhone
		{DEEE102D-FFA0-4913-AA46-5620E25337B3}.Debug|x86.Deploy.0 = Debug|iPhone
		{DEEE102D-FFA0-4913-AA46-5620E25337B3}.Release|Any CPU.ActiveCfg = Release|iPhone
		{DEEE102D-FFA0-4913-AA46-5620E25337B3}.Release|Any CPU.Build.0 = Release|iPhone
		{DEEE102D-FFA0-4913-AA46-5620E25337B3}.Release|Any CPU.Deploy.0 = Release|iPhone
		{DEEE102D-FFA0-4913-AA46-5620E25337B3}.Release|ARM.ActiveCfg = Release|iPhone
		{DEEE102D-FFA0-4913-AA46-5620E25337B3}.Release|ARM.Build.0 = Release|iPhone
		{DEEE102D-FFA0-4913-AA46-5620E25337B3}.Release|ARM.Deploy.0 = Release|iPhone
		{DEEE102D-FFA0-4913-AA46-5620E25337B3}.Release|iPhone.ActiveCfg = Release|iPhone
		{DEEE102D-FFA0-4913-AA46-5620E25337B3}.Release|iPhone.Build.0 = Release|iPhone
		{DEEE102D-FFA0-4913-AA46-5620E25337B3}.Release|iPhone.Deploy.0 = Release|iPhone
		{DEEE102D-FFA0-4913-AA46-5620E25337B3}.Release|iPhoneSimulator.ActiveCfg = Release|iPhoneSimulator
		{DEEE102D-FFA0-4913-AA46-5620E25337B3}.Release|iPhoneSimulator.Build.0 = Release|iPhoneSimulator
		{DEEE102D-FFA0-4913-AA46-5620E25337B3}.Release|iPhoneSimulator.Deploy.0 = Release|iPhoneSimulator
		{DEEE102D-FFA0-4913-AA46-5620E25337B3}.Release|x64.ActiveCfg = Release|iPhone
		{DEEE102D-FFA0-4913-AA46-5620E25337B3}.Release|x64.Build.0 = Release|iPhone
		{DEEE102D-FFA0-4913-AA46-5620E25337B3}.Release|x64.Deploy.0 = Release|iPhone
		{DEEE102D-FFA0-4913-AA46-5620E25337B3}.Release|x86.ActiveCfg = Release|iPhone
		{DEEE102D-FFA0-4913-AA46-5620E25337B3}.Release|x86.Build.0 = Release|iPhone
		{DEEE102D-FFA0-4913-AA46-5620E25337B3}.Release|x86.Deploy.0 = Release|iPhone
		{365D29AE-4139-4667-BC14-8BC3EDFA2235}.Debug|Any CPU.ActiveCfg = Debug|Any CPU
		{365D29AE-4139-4667-BC14-8BC3EDFA2235}.Debug|Any CPU.Build.0 = Debug|Any CPU
		{365D29AE-4139-4667-BC14-8BC3EDFA2235}.Debug|Any CPU.Deploy.0 = Debug|Any CPU
		{365D29AE-4139-4667-BC14-8BC3EDFA2235}.Debug|ARM.ActiveCfg = Debug|Any CPU
		{365D29AE-4139-4667-BC14-8BC3EDFA2235}.Debug|ARM.Build.0 = Debug|Any CPU
		{365D29AE-4139-4667-BC14-8BC3EDFA2235}.Debug|ARM.Deploy.0 = Debug|Any CPU
		{365D29AE-4139-4667-BC14-8BC3EDFA2235}.Debug|iPhone.ActiveCfg = Debug|Any CPU
		{365D29AE-4139-4667-BC14-8BC3EDFA2235}.Debug|iPhone.Build.0 = Debug|Any CPU
		{365D29AE-4139-4667-BC14-8BC3EDFA2235}.Debug|iPhone.Deploy.0 = Debug|Any CPU
		{365D29AE-4139-4667-BC14-8BC3EDFA2235}.Debug|iPhoneSimulator.ActiveCfg = Debug|Any CPU
		{365D29AE-4139-4667-BC14-8BC3EDFA2235}.Debug|iPhoneSimulator.Build.0 = Debug|Any CPU
		{365D29AE-4139-4667-BC14-8BC3EDFA2235}.Debug|iPhoneSimulator.Deploy.0 = Debug|Any CPU
		{365D29AE-4139-4667-BC14-8BC3EDFA2235}.Debug|x64.ActiveCfg = Debug|Any CPU
		{365D29AE-4139-4667-BC14-8BC3EDFA2235}.Debug|x64.Build.0 = Debug|Any CPU
		{365D29AE-4139-4667-BC14-8BC3EDFA2235}.Debug|x64.Deploy.0 = Debug|Any CPU
		{365D29AE-4139-4667-BC14-8BC3EDFA2235}.Debug|x86.ActiveCfg = Debug|Any CPU
		{365D29AE-4139-4667-BC14-8BC3EDFA2235}.Debug|x86.Build.0 = Debug|Any CPU
		{365D29AE-4139-4667-BC14-8BC3EDFA2235}.Debug|x86.Deploy.0 = Debug|Any CPU
		{365D29AE-4139-4667-BC14-8BC3EDFA2235}.Release|Any CPU.ActiveCfg = Release|Any CPU
		{365D29AE-4139-4667-BC14-8BC3EDFA2235}.Release|Any CPU.Build.0 = Release|Any CPU
		{365D29AE-4139-4667-BC14-8BC3EDFA2235}.Release|Any CPU.Deploy.0 = Release|Any CPU
		{365D29AE-4139-4667-BC14-8BC3EDFA2235}.Release|ARM.ActiveCfg = Release|Any CPU
		{365D29AE-4139-4667-BC14-8BC3EDFA2235}.Release|ARM.Build.0 = Release|Any CPU
		{365D29AE-4139-4667-BC14-8BC3EDFA2235}.Release|ARM.Deploy.0 = Release|Any CPU
		{365D29AE-4139-4667-BC14-8BC3EDFA2235}.Release|iPhone.ActiveCfg = Release|Any CPU
		{365D29AE-4139-4667-BC14-8BC3EDFA2235}.Release|iPhone.Build.0 = Release|Any CPU
		{365D29AE-4139-4667-BC14-8BC3EDFA2235}.Release|iPhone.Deploy.0 = Release|Any CPU
		{365D29AE-4139-4667-BC14-8BC3EDFA2235}.Release|iPhoneSimulator.ActiveCfg = Release|Any CPU
		{365D29AE-4139-4667-BC14-8BC3EDFA2235}.Release|iPhoneSimulator.Build.0 = Release|Any CPU
		{365D29AE-4139-4667-BC14-8BC3EDFA2235}.Release|iPhoneSimulator.Deploy.0 = Release|Any CPU
		{365D29AE-4139-4667-BC14-8BC3EDFA2235}.Release|x64.ActiveCfg = Release|Any CPU
		{365D29AE-4139-4667-BC14-8BC3EDFA2235}.Release|x64.Build.0 = Release|Any CPU
		{365D29AE-4139-4667-BC14-8BC3EDFA2235}.Release|x64.Deploy.0 = Release|Any CPU
		{365D29AE-4139-4667-BC14-8BC3EDFA2235}.Release|x86.ActiveCfg = Release|Any CPU
		{365D29AE-4139-4667-BC14-8BC3EDFA2235}.Release|x86.Build.0 = Release|Any CPU
		{365D29AE-4139-4667-BC14-8BC3EDFA2235}.Release|x86.Deploy.0 = Release|Any CPU
	EndGlobalSection
	GlobalSection(SolutionProperties) = preSolution
		HideSolutionNode = FALSE
	EndGlobalSection
	GlobalSection(ExtensibilityGlobals) = postSolution
		SolutionGuid = {F103446A-B37A-46A4-8706-736B7450A582}
	EndGlobalSection
EndGlobal
